
Microsoft Visual Studio Solution File, Format Version 12.00
# Visual Studio Version 16
VisualStudioVersion = 16.0.31205.134
MinimumVisualStudioVersion = 10.0.40219.1
Project("{00D1A9C2-B5F0-4AF3-8072-F6C62B433612}") = "VirtualEvent.DataBase", "VirtualEvent.DataBase\VirtualEvent.DataBase.sqlproj", "{9D040E10-04F7-4D1B-834A-5E2ED3EDBD6E}"
EndProject
Project("{FAE04EC0-301F-11D3-BF4B-00C04F79EFBC}") = "VirtualEvent.Model", "VirtualEvent.Model\VirtualEvent.Model.csproj", "{7A5A799C-3D08-4043-9AD5-BEE9B03E343D}"
EndProject
Project("{FAE04EC0-301F-11D3-BF4B-00C04F79EFBC}") = "VirtualEvent.UI", "VirtualEvent.UI\VirtualEvent.UI.csproj", "{71D7172D-A6C1-408E-A16D-A46716A7604B}"
EndProject
Global
	GlobalSection(SolutionConfigurationPlatforms) = preSolution
		Debug|Any CPU = Debug|Any CPU
		Release|Any CPU = Release|Any CPU
	EndGlobalSection
	GlobalSection(ProjectConfigurationPlatforms) = postSolution
		{9D040E10-04F7-4D1B-834A-5E2ED3EDBD6E}.Debug|Any CPU.ActiveCfg = Debug|Any CPU
		{9D040E10-04F7-4D1B-834A-5E2ED3EDBD6E}.Debug|Any CPU.Build.0 = Debug|Any CPU
		{9D040E10-04F7-4D1B-834A-5E2ED3EDBD6E}.Debug|Any CPU.Deploy.0 = Debug|Any CPU
		{9D040E10-04F7-4D1B-834A-5E2ED3EDBD6E}.Release|Any CPU.ActiveCfg = Release|Any CPU
		{9D040E10-04F7-4D1B-834A-5E2ED3EDBD6E}.Release|Any CPU.Build.0 = Release|Any CPU
		{9D040E10-04F7-4D1B-834A-5E2ED3EDBD6E}.Release|Any CPU.Deploy.0 = Release|Any CPU
		{7A5A799C-3D08-4043-9AD5-BEE9B03E343D}.Debug|Any CPU.ActiveCfg = Debug|Any CPU
		{7A5A799C-3D08-4043-9AD5-BEE9B03E343D}.Debug|Any CPU.Build.0 = Debug|Any CPU
		{7A5A799C-3D08-4043-9AD5-BEE9B03E343D}.Release|Any CPU.ActiveCfg = Release|Any CPU
		{7A5A799C-3D08-4043-9AD5-BEE9B03E343D}.Release|Any CPU.Build.0 = Release|Any CPU
		{71D7172D-A6C1-408E-A16D-A46716A7604B}.Debug|Any CPU.ActiveCfg = Debug|Any CPU
		{71D7172D-A6C1-408E-A16D-A46716A7604B}.Debug|Any CPU.Build.0 = Debug|Any CPU
		{71D7172D-A6C1-408E-A16D-A46716A7604B}.Release|Any CPU.ActiveCfg = Release|Any CPU
		{71D7172D-A6C1-408E-A16D-A46716A7604B}.Release|Any CPU.Build.0 = Release|Any CPU
	EndGlobalSection
	GlobalSection(SolutionProperties) = preSolution
		HideSolutionNode = FALSE
	EndGlobalSection
	GlobalSection(ExtensibilityGlobals) = postSolution
		SolutionGuid = {6FB4C3DE-A6D5-4855-9544-D0CA3A35BAA2}
	EndGlobalSection
EndGlobal
